
Microsoft Visual Studio Solution File, Format Version 12.00
# Visual Studio 15
VisualStudioVersion = 15.0.26730.16
MinimumVisualStudioVersion = 10.0.40219.1
Project("{FAE04EC0-301F-11D3-BF4B-00C04F79EFBC}") = "DEV-4", "DEV-4\DEV-4.csproj", "{78006990-5717-4694-B794-CBC268A19BEF}"
EndProject
Project("{FAE04EC0-301F-11D3-BF4B-00C04F79EFBC}") = "DEV-3", "DEV-3\DEV-3\DEV-3.csproj", "{858B3B14-2954-4498-8526-26123B050808}"
EndProject
Project("{FAE04EC0-301F-11D3-BF4B-00C04F79EFBC}") = "DEV-2", "DEV-2\DEV-2\DEV-2.csproj", "{0B3A2FE7-1BE5-4B89-ACC3-4B9A804F2796}"
EndProject
Project("{FAE04EC0-301F-11D3-BF4B-00C04F79EFBC}") = "DEV-1", "DEV-1\DEV-1\DEV-1.csproj", "{5E837937-55C6-4A67-91E3-6D4B833BF245}"
EndProject
Project("{FAE04EC0-301F-11D3-BF4B-00C04F79EFBC}") = "DEV-4.2", "DEV-4.2\DEV-4.2.csproj", "{18B70438-6498-483A-A72F-9E6EC5046134}"
EndProject
Project("{FAE04EC0-301F-11D3-BF4B-00C04F79EFBC}") = "DEV-7", "DEV-7\DEV-7.csproj", "{D347D5FA-6024-4B79-B968-E8337E6295C0}"
EndProject
Project("{FAE04EC0-301F-11D3-BF4B-00C04F79EFBC}") = "DEV-9", "DEV-9\DEV-9.csproj", "{38BABDA6-0046-45B9-B7B2-DD5F59860F29}"
EndProject
Project("{FAE04EC0-301F-11D3-BF4B-00C04F79EFBC}") = "DEV-10", "DEV-10\DEV-10.csproj", "{2B2E3BCC-407D-42BF-873A-5F145FBA0E93}"
EndProject
Project("{FAE04EC0-301F-11D3-BF4B-00C04F79EFBC}") = "DEV-11", "DEV-11\DEV-11.csproj", "{1E7D3C88-5D1F-47A4-82F5-1C969D408697}"
EndProject
Project("{FAE04EC0-301F-11D3-BF4B-00C04F79EFBC}") = "DEV-7.Test", "DEV-7.Test\DEV-7.Test.csproj", "{848C904C-0CD1-4B22-8484-20E1FE8F9274}"
EndProject
Project("{FAE04EC0-301F-11D3-BF4B-00C04F79EFBC}") = "test1-task3", "test1-task1\test1-task3.csproj", "{406153A0-963B-45C0-A633-0E46B981D828}"
EndProject
Project("{FAE04EC0-301F-11D3-BF4B-00C04F79EFBC}") = "test1_task1", "test1_task1\test1_task1.csproj", "{6CDC41D0-98E8-4BDD-949C-D166F1487609}"
EndProject
Project("{FAE04EC0-301F-11D3-BF4B-00C04F79EFBC}") = "DEV-13", "DEV-13\DEV-13.csproj", "{88DACB47-5C13-44CE-97AD-2B3B3DC86F0C}"
EndProject
Global
	GlobalSection(SolutionConfigurationPlatforms) = preSolution
		Debug|Any CPU = Debug|Any CPU
		Release|Any CPU = Release|Any CPU
	EndGlobalSection
	GlobalSection(ProjectConfigurationPlatforms) = postSolution
		{78006990-5717-4694-B794-CBC268A19BEF}.Debug|Any CPU.ActiveCfg = Debug|Any CPU
		{78006990-5717-4694-B794-CBC268A19BEF}.Debug|Any CPU.Build.0 = Debug|Any CPU
		{78006990-5717-4694-B794-CBC268A19BEF}.Release|Any CPU.ActiveCfg = Release|Any CPU
		{78006990-5717-4694-B794-CBC268A19BEF}.Release|Any CPU.Build.0 = Release|Any CPU
		{858B3B14-2954-4498-8526-26123B050808}.Debug|Any CPU.ActiveCfg = Debug|Any CPU
		{858B3B14-2954-4498-8526-26123B050808}.Debug|Any CPU.Build.0 = Debug|Any CPU
		{858B3B14-2954-4498-8526-26123B050808}.Release|Any CPU.ActiveCfg = Release|Any CPU
		{858B3B14-2954-4498-8526-26123B050808}.Release|Any CPU.Build.0 = Release|Any CPU
		{0B3A2FE7-1BE5-4B89-ACC3-4B9A804F2796}.Debug|Any CPU.ActiveCfg = Debug|Any CPU
		{0B3A2FE7-1BE5-4B89-ACC3-4B9A804F2796}.Debug|Any CPU.Build.0 = Debug|Any CPU
		{0B3A2FE7-1BE5-4B89-ACC3-4B9A804F2796}.Release|Any CPU.ActiveCfg = Release|Any CPU
		{0B3A2FE7-1BE5-4B89-ACC3-4B9A804F2796}.Release|Any CPU.Build.0 = Release|Any CPU
		{5E837937-55C6-4A67-91E3-6D4B833BF245}.Debug|Any CPU.ActiveCfg = Debug|Any CPU
		{5E837937-55C6-4A67-91E3-6D4B833BF245}.Debug|Any CPU.Build.0 = Debug|Any CPU
		{5E837937-55C6-4A67-91E3-6D4B833BF245}.Release|Any CPU.ActiveCfg = Release|Any CPU
		{5E837937-55C6-4A67-91E3-6D4B833BF245}.Release|Any CPU.Build.0 = Release|Any CPU
		{18B70438-6498-483A-A72F-9E6EC5046134}.Debug|Any CPU.ActiveCfg = Debug|Any CPU
		{18B70438-6498-483A-A72F-9E6EC5046134}.Debug|Any CPU.Build.0 = Debug|Any CPU
		{18B70438-6498-483A-A72F-9E6EC5046134}.Release|Any CPU.ActiveCfg = Release|Any CPU
		{18B70438-6498-483A-A72F-9E6EC5046134}.Release|Any CPU.Build.0 = Release|Any CPU
		{D347D5FA-6024-4B79-B968-E8337E6295C0}.Debug|Any CPU.ActiveCfg = Debug|Any CPU
		{D347D5FA-6024-4B79-B968-E8337E6295C0}.Debug|Any CPU.Build.0 = Debug|Any CPU
		{D347D5FA-6024-4B79-B968-E8337E6295C0}.Release|Any CPU.ActiveCfg = Release|Any CPU
		{D347D5FA-6024-4B79-B968-E8337E6295C0}.Release|Any CPU.Build.0 = Release|Any CPU
		{38BABDA6-0046-45B9-B7B2-DD5F59860F29}.Debug|Any CPU.ActiveCfg = Debug|Any CPU
		{38BABDA6-0046-45B9-B7B2-DD5F59860F29}.Debug|Any CPU.Build.0 = Debug|Any CPU
		{38BABDA6-0046-45B9-B7B2-DD5F59860F29}.Release|Any CPU.ActiveCfg = Release|Any CPU
		{38BABDA6-0046-45B9-B7B2-DD5F59860F29}.Release|Any CPU.Build.0 = Release|Any CPU
		{2B2E3BCC-407D-42BF-873A-5F145FBA0E93}.Debug|Any CPU.ActiveCfg = Debug|Any CPU
		{2B2E3BCC-407D-42BF-873A-5F145FBA0E93}.Debug|Any CPU.Build.0 = Debug|Any CPU
		{2B2E3BCC-407D-42BF-873A-5F145FBA0E93}.Release|Any CPU.ActiveCfg = Release|Any CPU
		{2B2E3BCC-407D-42BF-873A-5F145FBA0E93}.Release|Any CPU.Build.0 = Release|Any CPU
		{1E7D3C88-5D1F-47A4-82F5-1C969D408697}.Debug|Any CPU.ActiveCfg = Debug|Any CPU
		{1E7D3C88-5D1F-47A4-82F5-1C969D408697}.Debug|Any CPU.Build.0 = Debug|Any CPU
		{1E7D3C88-5D1F-47A4-82F5-1C969D408697}.Release|Any CPU.ActiveCfg = Release|Any CPU
		{1E7D3C88-5D1F-47A4-82F5-1C969D408697}.Release|Any CPU.Build.0 = Release|Any CPU
		{848C904C-0CD1-4B22-8484-20E1FE8F9274}.Debug|Any CPU.ActiveCfg = Debug|Any CPU
		{848C904C-0CD1-4B22-8484-20E1FE8F9274}.Debug|Any CPU.Build.0 = Debug|Any CPU
		{848C904C-0CD1-4B22-8484-20E1FE8F9274}.Release|Any CPU.ActiveCfg = Release|Any CPU
		{848C904C-0CD1-4B22-8484-20E1FE8F9274}.Release|Any CPU.Build.0 = Release|Any CPU
		{406153A0-963B-45C0-A633-0E46B981D828}.Debug|Any CPU.ActiveCfg = Debug|Any CPU
		{406153A0-963B-45C0-A633-0E46B981D828}.Debug|Any CPU.Build.0 = Debug|Any CPU
		{406153A0-963B-45C0-A633-0E46B981D828}.Release|Any CPU.ActiveCfg = Release|Any CPU
		{406153A0-963B-45C0-A633-0E46B981D828}.Release|Any CPU.Build.0 = Release|Any CPU
		{6CDC41D0-98E8-4BDD-949C-D166F1487609}.Debug|Any CPU.ActiveCfg = Debug|Any CPU
		{6CDC41D0-98E8-4BDD-949C-D166F1487609}.Debug|Any CPU.Build.0 = Debug|Any CPU
		{6CDC41D0-98E8-4BDD-949C-D166F1487609}.Release|Any CPU.ActiveCfg = Release|Any CPU
		{6CDC41D0-98E8-4BDD-949C-D166F1487609}.Release|Any CPU.Build.0 = Release|Any CPU
		{88DACB47-5C13-44CE-97AD-2B3B3DC86F0C}.Debug|Any CPU.ActiveCfg = Debug|Any CPU
		{88DACB47-5C13-44CE-97AD-2B3B3DC86F0C}.Debug|Any CPU.Build.0 = Debug|Any CPU
		{88DACB47-5C13-44CE-97AD-2B3B3DC86F0C}.Release|Any CPU.ActiveCfg = Release|Any CPU
		{88DACB47-5C13-44CE-97AD-2B3B3DC86F0C}.Release|Any CPU.Build.0 = Release|Any CPU
	EndGlobalSection
	GlobalSection(SolutionProperties) = preSolution
		HideSolutionNode = FALSE
	EndGlobalSection
	GlobalSection(ExtensibilityGlobals) = postSolution
		SolutionGuid = {DFF57F6D-2F7B-4223-8A09-29021938A387}
	EndGlobalSection
EndGlobal
