
Microsoft Visual Studio Solution File, Format Version 12.00
# Visual Studio 15
VisualStudioVersion = 15.0.26730.16
MinimumVisualStudioVersion = 10.0.40219.1
Project("{FAE04EC0-301F-11D3-BF4B-00C04F79EFBC}") = "ComplexNumberTask", "ComplexNumberTask\ComplexNumberTask.csproj", "{AE36F50F-EECD-4223-916C-8C531E56C148}"
EndProject
Project("{FAE04EC0-301F-11D3-BF4B-00C04F79EFBC}") = "ComplexNumberTests", "ComplexNumberTests\ComplexNumberTests.csproj", "{D6A192C2-8019-4D81-AD2D-2BB859C8809A}"
EndProject
Global
	GlobalSection(SolutionConfigurationPlatforms) = preSolution
		Debug|Any CPU = Debug|Any CPU
		Release|Any CPU = Release|Any CPU
	EndGlobalSection
	GlobalSection(ProjectConfigurationPlatforms) = postSolution
		{AE36F50F-EECD-4223-916C-8C531E56C148}.Debug|Any CPU.ActiveCfg = Debug|Any CPU
		{AE36F50F-EECD-4223-916C-8C531E56C148}.Debug|Any CPU.Build.0 = Debug|Any CPU
		{AE36F50F-EECD-4223-916C-8C531E56C148}.Release|Any CPU.ActiveCfg = Release|Any CPU
		{AE36F50F-EECD-4223-916C-8C531E56C148}.Release|Any CPU.Build.0 = Release|Any CPU
		{D6A192C2-8019-4D81-AD2D-2BB859C8809A}.Debug|Any CPU.ActiveCfg = Debug|Any CPU
		{D6A192C2-8019-4D81-AD2D-2BB859C8809A}.Debug|Any CPU.Build.0 = Debug|Any CPU
		{D6A192C2-8019-4D81-AD2D-2BB859C8809A}.Release|Any CPU.ActiveCfg = Release|Any CPU
		{D6A192C2-8019-4D81-AD2D-2BB859C8809A}.Release|Any CPU.Build.0 = Release|Any CPU
	EndGlobalSection
	GlobalSection(SolutionProperties) = preSolution
		HideSolutionNode = FALSE
	EndGlobalSection
	GlobalSection(ExtensibilityGlobals) = postSolution
		SolutionGuid = {3591DE66-EB68-4314-8E5A-D77D28E1794B}
	EndGlobalSection
EndGlobal
